
Microsoft Visual Studio Solution File, Format Version 12.00
# Visual Studio Version 17
VisualStudioVersion = 17.7.34031.279
MinimumVisualStudioVersion = 10.0.40219.1
Project("{9A19103F-16F7-4668-BE54-9A1E7A4F7556}") = "URLShortener", "URLShortener.csproj", "{6D40FC6A-F669-4DE4-82A8-D5C8809D22BC}"
EndProject
Project("{2150E333-8FDC-42A3-9474-1A3956D46DE8}") = "Solution Items", "Solution Items", "{D7627A90-AAE2-4859-9DAD-1991F76E90DE}"
	ProjectSection(SolutionItems) = preProject
		.editorconfig = .editorconfig
	EndProjectSection
EndProject
Project("{9A19103F-16F7-4668-BE54-9A1E7A4F7556}") = "URLShortnerValidator", "URLShortnerValidator\URLShortnerValidator.csproj", "{24DA8C3F-640E-4F1E-B642-8B58B5D5300D}"
EndProject
Global
	GlobalSection(SolutionConfigurationPlatforms) = preSolution
		Debug|Any CPU = Debug|Any CPU
		Release|Any CPU = Release|Any CPU
	EndGlobalSection
	GlobalSection(ProjectConfigurationPlatforms) = postSolution
		{6D40FC6A-F669-4DE4-82A8-D5C8809D22BC}.Debug|Any CPU.ActiveCfg = Debug|Any CPU
		{6D40FC6A-F669-4DE4-82A8-D5C8809D22BC}.Debug|Any CPU.Build.0 = Debug|Any CPU
		{6D40FC6A-F669-4DE4-82A8-D5C8809D22BC}.Release|Any CPU.ActiveCfg = Release|Any CPU
		{6D40FC6A-F669-4DE4-82A8-D5C8809D22BC}.Release|Any CPU.Build.0 = Release|Any CPU
		{24DA8C3F-640E-4F1E-B642-8B58B5D5300D}.Debug|Any CPU.ActiveCfg = Debug|Any CPU
		{24DA8C3F-640E-4F1E-B642-8B58B5D5300D}.Debug|Any CPU.Build.0 = Debug|Any CPU
		{24DA8C3F-640E-4F1E-B642-8B58B5D5300D}.Release|Any CPU.ActiveCfg = Release|Any CPU
		{24DA8C3F-640E-4F1E-B642-8B58B5D5300D}.Release|Any CPU.Build.0 = Release|Any CPU
	EndGlobalSection
	GlobalSection(SolutionProperties) = preSolution
		HideSolutionNode = FALSE
	EndGlobalSection
	GlobalSection(ExtensibilityGlobals) = postSolution
		SolutionGuid = {7A2F61F2-7DFB-4EC6-8233-7A0A3E222829}
	EndGlobalSection
EndGlobal
